# This file is autogenerated, do not edit; changes may be undone by the next 'dep ensure'.


[[projects]]
  digest = "1:ebaeb414df9abd72ff910cbd5ea19a4c6c98febbbef756eb07fb6e66b8148ba2"
  name = "github.com/DataDog/datadog-go"
  packages = ["statsd"]
  pruneopts = "UT"
  revision = "8a13fa761f51039f900738876f2837198fba804f"
  version = "v2.2.0"

[[projects]]
  branch = "master"
  digest = "1:cdf8d6dd78c3887782da29aedb7242a219e165d8d020be6e50738f56dea3d181"
  name = "github.com/asergeyev/nradix"
  packages = ["."]
  pruneopts = "UT"
  revision = "3872ab85bb568d5400c3f53ac4d903744b2c8ea9"

[[projects]]
  digest = "1:ffe9824d294da03b391f44e1ae8281281b4afc1bdaa9588c9097785e3af10cec"
  name = "github.com/davecgh/go-spew"
  packages = ["spew"]
  pruneopts = "UT"
  revision = "8991bc29aa16c548c550c7ff78260e27b9ab7c73"
  version = "v1.1.1"

[[projects]]
  digest = "1:c950e574951c7199fb3d990d0e7a61996f40f8e646ba7cf8a557878d4c737f53"
  name = "github.com/go-redis/redis"
  packages = [
    ".",
    "internal",
    "internal/consistenthash",
    "internal/hashtag",
    "internal/pool",
    "internal/proto",
    "internal/util",
  ]
  pruneopts = "UT"
  revision = "75795aa4236dc7341eefac3bbe945e68c99ef9df"
  version = "v6.15.3"

[[projects]]
  digest = "1:cbec35fe4d5a4fba369a656a8cd65e244ea2c743007d8f6c1ccb132acf9d1296"
  name = "github.com/gorilla/mux"
  packages = ["."]
  pruneopts = "UT"
  revision = "00bdffe0f3c77e27d2cf6f5c70232a2d3e4d9c15"
  version = "v1.7.3"

[[projects]]
  digest = "1:31e761d97c76151dde79e9d28964a812c46efc5baee4085b86f68f0c654450de"
  name = "github.com/konsorten/go-windows-terminal-sequences"
  packages = ["."]
  pruneopts = "UT"
  revision = "f55edac94c9bbba5d6182a4be46d86a2c9b5b50e"
  version = "v1.0.2"

[[projects]]
  digest = "1:0028cb19b2e4c3112225cd871870f2d9cf49b9b4276531f03438a88e94be86fe"
  name = "github.com/pmezard/go-difflib"
  packages = ["difflib"]
  pruneopts = "UT"
  revision = "792786c7400a136282c1664665ae0a8db921c6c2"
  version = "v1.0.0"

[[projects]]
  digest = "1:04457f9f6f3ffc5fea48e71d62f2ca256637dee0a04d710288e27e05c8b41976"
  name = "github.com/sirupsen/logrus"
  packages = ["."]
  pruneopts = "UT"
  revision = "839c75faf7f98a33d445d181f3018b5c3409a45e"
  version = "v1.4.2"

[[projects]]
  digest = "1:972c2427413d41a1e06ca4897e8528e5a1622894050e2f527b38ddf0f343f759"
  name = "github.com/stretchr/testify"
  packages = ["assert"]
  pruneopts = "UT"
  revision = "ffdc059bfe9ce6a4e144ba849dbedead332c6053"
  version = "v1.3.0"

[[projects]]
  branch = "master"
  digest = "1:e53472328ee66421f1640045de8a46d50fc769fd8888520f4a3e45ad5766fdf0"
  name = "github.com/zmap/go-iptree"
  packages = ["iptree"]
  pruneopts = "UT"
  revision = "1948b1097e2553065acd9e90ff9aa768d47b753b"

[[projects]]
  branch = "master"
  digest = "1:3eb7851d674a0a49eadb63c3727290444e92f686f983bbcced9ed4341dcd8647"
  name = "go.mozilla.org/hawk"
  packages = ["."]
  pruneopts = "UT"
  revision = "a483e4a7047eb37b6cda2b04fb93a10fab60e6cc"

[[projects]]
  digest = "1:6e63560e7c4628a26b3d99e180fc3c18e77e454af4ec533710f18fd043aad4df"
  name = "go.mozilla.org/iprepd"
  packages = ["."]
  pruneopts = "UT"
  revision = "cf2290d3776bc0da4bb419133484288ed182859d"
  version = "0.8"

[[projects]]
  digest = "1:ff7d09b74ef5678894846ffe2dd13103680b2829362f62db52af810f10bf77de"
  name = "go.mozilla.org/mozlogrus"
  packages = ["."]
  pruneopts = "UT"
  revision = "a4ca0c1ee1cb5e580348b1e1aac9bd3e5f07f26d"
  version = "v2.0.0"

[[projects]]
  branch = "master"
  digest = "1:5632b0c4d972da51b5914f09fc5c1a8535e9d8d5d937e95ef83c423a0dd67f13"
  name = "golang.org/x/sys"
  packages = ["unix"]
  pruneopts = "UT"
  revision = "fae7ac547cb717d141c433a2a173315e216b64c4"

[[projects]]
  digest = "1:4d2e5a73dc1500038e504a8d78b986630e3626dc027bc030ba5c75da257cdb96"
  name = "gopkg.in/yaml.v2"
  packages = ["."]
  pruneopts = "UT"
  revision = "51d6538a90f86fe93ac480b35f37b2be17fef232"
  version = "v2.2.2"

[solve-meta]
  analyzer-name = "dep"
  analyzer-version = 1
  input-imports = [
    "github.com/DataDog/datadog-go/statsd",
    "github.com/go-redis/redis",
    "github.com/gorilla/mux",
    "github.com/sirupsen/logrus",
    "github.com/stretchr/testify/assert",
    "github.com/zmap/go-iptree/iptree",
    "go.mozilla.org/hawk",
    "go.mozilla.org/iprepd",
    "go.mozilla.org/mozlogrus",
    "gopkg.in/yaml.v2",
  ]
  solver-name = "gps-cdcl"
  solver-version = 1
